// !$*UTF8*$!
{
	archiveVersion = 1;
	classes = {
	};
	objectVersion = 55;
	objects = {

/* Begin PBXBuildFile section */
		30810AB72903AE9800C4B38E /* MessageViewController.swift in Sources */ = {isa = PBXBuildFile; fileRef = 30810AB52903AE9800C4B38E /* MessageViewController.swift */; };
		30810AB82903AE9800C4B38E /* MessageViewController.xib in Resources */ = {isa = PBXBuildFile; fileRef = 30810AB62903AE9800C4B38E /* MessageViewController.xib */; };
		30810ABA2903B0B900C4B38E /* UITableViewCell.swift in Sources */ = {isa = PBXBuildFile; fileRef = 30810AB92903B0B900C4B38E /* UITableViewCell.swift */; };
		30810ABE2903B12D00C4B38E /* MessageTableViewCell.swift in Sources */ = {isa = PBXBuildFile; fileRef = 30810ABC2903B12D00C4B38E /* MessageTableViewCell.swift */; };
		30810ABF2903B12D00C4B38E /* MessageTableViewCell.xib in Resources */ = {isa = PBXBuildFile; fileRef = 30810ABD2903B12D00C4B38E /* MessageTableViewCell.xib */; };
		3094E73229050F8B00052FCD /* HomeViewModel.swift in Sources */ = {isa = PBXBuildFile; fileRef = 3094E73129050F8B00052FCD /* HomeViewModel.swift */; };
		3094E7352905112700052FCD /* ClassModel.swift in Sources */ = {isa = PBXBuildFile; fileRef = 3094E7342905112700052FCD /* ClassModel.swift */; };
		3094E73929051B0E00052FCD /* VideoViewController.swift in Sources */ = {isa = PBXBuildFile; fileRef = 3094E73729051B0E00052FCD /* VideoViewController.swift */; };
		3094E73A29051B0E00052FCD /* VideoViewController.xib in Resources */ = {isa = PBXBuildFile; fileRef = 3094E73829051B0E00052FCD /* VideoViewController.xib */; };
		3094E73C29051B9F00052FCD /* VideoViewModel.swift in Sources */ = {isa = PBXBuildFile; fileRef = 3094E73B29051B9F00052FCD /* VideoViewModel.swift */; };
		309D8978290494C40020AA26 /* MessageCoordinator.swift in Sources */ = {isa = PBXBuildFile; fileRef = 309D8977290494C40020AA26 /* MessageCoordinator.swift */; };
		309D897B290499B40020AA26 /* MessageViewModel.swift in Sources */ = {isa = PBXBuildFile; fileRef = 309D897A290499B40020AA26 /* MessageViewModel.swift */; };
		309D897F29049B750020AA26 /* ChatViewController.swift in Sources */ = {isa = PBXBuildFile; fileRef = 309D897D29049B750020AA26 /* ChatViewController.swift */; };
		309D898029049B750020AA26 /* ChatViewController.xib in Resources */ = {isa = PBXBuildFile; fileRef = 309D897E29049B750020AA26 /* ChatViewController.xib */; };
		309D898229049BA00020AA26 /* ChatViewModel.swift in Sources */ = {isa = PBXBuildFile; fileRef = 309D898129049BA00020AA26 /* ChatViewModel.swift */; };
		309D898629049CD60020AA26 /* ChatModel.swift in Sources */ = {isa = PBXBuildFile; fileRef = 309D898529049CD60020AA26 /* ChatModel.swift */; };
		309D89882904A1C80020AA26 /* Date.swift in Sources */ = {isa = PBXBuildFile; fileRef = 309D89872904A1C80020AA26 /* Date.swift */; };
		309D898C2904B1C70020AA26 /* ChatTableViewCell.swift in Sources */ = {isa = PBXBuildFile; fileRef = 309D898A2904B1C70020AA26 /* ChatTableViewCell.swift */; };
		309D898D2904B1C70020AA26 /* ChatTableViewCell.xib in Resources */ = {isa = PBXBuildFile; fileRef = 309D898B2904B1C70020AA26 /* ChatTableViewCell.xib */; };
		309D89912904C1D00020AA26 /* HomeCollectionViewCell.swift in Sources */ = {isa = PBXBuildFile; fileRef = 309D898F2904C1D00020AA26 /* HomeCollectionViewCell.swift */; };
		309D89922904C1D00020AA26 /* HomeCollectionViewCell.xib in Resources */ = {isa = PBXBuildFile; fileRef = 309D89902904C1D00020AA26 /* HomeCollectionViewCell.xib */; };
		309D89942904C5120020AA26 /* UICollectionView.swift in Sources */ = {isa = PBXBuildFile; fileRef = 309D89932904C5120020AA26 /* UICollectionView.swift */; };
		309D89972904D4F30020AA26 /* HomeCollectionView.swift in Sources */ = {isa = PBXBuildFile; fileRef = 309D89962904D4F30020AA26 /* HomeCollectionView.swift */; };
		309D89992904D5030020AA26 /* HomeCollectionView.xib in Resources */ = {isa = PBXBuildFile; fileRef = 309D89982904D5030020AA26 /* HomeCollectionView.xib */; };
		309D899E2904D8760020AA26 /* HomeTableViewCell.swift in Sources */ = {isa = PBXBuildFile; fileRef = 309D899C2904D8760020AA26 /* HomeTableViewCell.swift */; };
		309D899F2904D8760020AA26 /* HomeTableViewCell.xib in Resources */ = {isa = PBXBuildFile; fileRef = 309D899D2904D8760020AA26 /* HomeTableViewCell.xib */; };
		309D89A12904DF8B0020AA26 /* NibOwnerLoadable.swift in Sources */ = {isa = PBXBuildFile; fileRef = 309D89A02904DF8B0020AA26 /* NibOwnerLoadable.swift */; };
		309D89A42904E02D0020AA26 /* UITableView.swift in Sources */ = {isa = PBXBuildFile; fileRef = 309D89A32904E02D0020AA26 /* UITableView.swift */; };
		309D89AA2904E3480020AA26 /* HomeCoordinator.swift in Sources */ = {isa = PBXBuildFile; fileRef = 309D89A92904E3480020AA26 /* HomeCoordinator.swift */; };
		309D89AF2904EB750020AA26 /* HomeViewController.swift in Sources */ = {isa = PBXBuildFile; fileRef = 309D89AD2904EB750020AA26 /* HomeViewController.swift */; };
		309D89B02904EB750020AA26 /* HomeViewController.xib in Resources */ = {isa = PBXBuildFile; fileRef = 309D89AE2904EB750020AA26 /* HomeViewController.xib */; };
		309D89B32904EE550020AA26 /* HomeView.swift in Sources */ = {isa = PBXBuildFile; fileRef = 309D89B22904EE550020AA26 /* HomeView.swift */; };
		309D89B52904EE600020AA26 /* HomeView.xib in Resources */ = {isa = PBXBuildFile; fileRef = 309D89B42904EE600020AA26 /* HomeView.xib */; };
		30C4FE0C2902681A00B9748D /* LaunchScreen.storyboard in Resources */ = {isa = PBXBuildFile; fileRef = 30C4FE082902681A00B9748D /* LaunchScreen.storyboard */; };
		30C4FE0D2902681A00B9748D /* AppDelegate.swift in Sources */ = {isa = PBXBuildFile; fileRef = 30C4FE0A2902681A00B9748D /* AppDelegate.swift */; };
		30C4FE0E2902681A00B9748D /* SceneDelegate.swift in Sources */ = {isa = PBXBuildFile; fileRef = 30C4FE0B2902681A00B9748D /* SceneDelegate.swift */; };
		30C4FE112902682100B9748D /* Coordinator.swift in Sources */ = {isa = PBXBuildFile; fileRef = 30C4FE102902682100B9748D /* Coordinator.swift */; };
		30C4FE162902682800B9748D /* ClosureTypes.swift in Sources */ = {isa = PBXBuildFile; fileRef = 30C4FE132902682800B9748D /* ClosureTypes.swift */; };
		30C4FE172902682800B9748D /* UIView.swift in Sources */ = {isa = PBXBuildFile; fileRef = 30C4FE152902682800B9748D /* UIView.swift */; };
		30C4FE1C2902683100B9748D /* Assets.xcassets in Resources */ = {isa = PBXBuildFile; fileRef = 30C4FE192902683100B9748D /* Assets.xcassets */; };
		30C4FE1D2902683100B9748D /* Fontspring-regular.otf in Resources */ = {isa = PBXBuildFile; fileRef = 30C4FE1B2902683100B9748D /* Fontspring-regular.otf */; };
		30C4FE292902683700B9748D /* AuthCoordinator.swift in Sources */ = {isa = PBXBuildFile; fileRef = 30C4FE202902683700B9748D /* AuthCoordinator.swift */; };
		30C4FE2A2902683700B9748D /* RegisterViewController.xib in Resources */ = {isa = PBXBuildFile; fileRef = 30C4FE222902683700B9748D /* RegisterViewController.xib */; };
		30C4FE2B2902683700B9748D /* RegisterViewController.swift in Sources */ = {isa = PBXBuildFile; fileRef = 30C4FE232902683700B9748D /* RegisterViewController.swift */; };
		30C4FE2C2902683700B9748D /* RegisterViewModel.swift in Sources */ = {isa = PBXBuildFile; fileRef = 30C4FE242902683700B9748D /* RegisterViewModel.swift */; };
		30C4FE2D2902683700B9748D /* AuthViewController.swift in Sources */ = {isa = PBXBuildFile; fileRef = 30C4FE262902683700B9748D /* AuthViewController.swift */; };
		30C4FE2E2902683700B9748D /* AuthViewController.xib in Resources */ = {isa = PBXBuildFile; fileRef = 30C4FE272902683700B9748D /* AuthViewController.xib */; };
		30C4FE2F2902683700B9748D /* AuthViewModel.swift in Sources */ = {isa = PBXBuildFile; fileRef = 30C4FE282902683700B9748D /* AuthViewModel.swift */; };
		30C4FE3A2903871F00B9748D /* TabBarViewController.swift in Sources */ = {isa = PBXBuildFile; fileRef = 30C4FE382903871F00B9748D /* TabBarViewController.swift */; };
		30C4FE3B2903871F00B9748D /* TabBarViewController.xib in Resources */ = {isa = PBXBuildFile; fileRef = 30C4FE392903871F00B9748D /* TabBarViewController.xib */; };
		30C4FE3D29038D2700B9748D /* TabBarCoordinator.swift in Sources */ = {isa = PBXBuildFile; fileRef = 30C4FE3C29038D2700B9748D /* TabBarCoordinator.swift */; };
		30C4FE4029038ECA00B9748D /* TabBarViewModel.swift in Sources */ = {isa = PBXBuildFile; fileRef = 30C4FE3F29038ECA00B9748D /* TabBarViewModel.swift */; };
		30C4FE49290399B000B9748D /* ProfileViewController.swift in Sources */ = {isa = PBXBuildFile; fileRef = 30C4FE47290399B000B9748D /* ProfileViewController.swift */; };
		30C4FE4A290399B000B9748D /* ProfileViewController.xib in Resources */ = {isa = PBXBuildFile; fileRef = 30C4FE48290399B000B9748D /* ProfileViewController.xib */; };
/* End PBXBuildFile section */

/* Begin PBXFileReference section */
		30810AB52903AE9800C4B38E /* MessageViewController.swift */ = {isa = PBXFileReference; lastKnownFileType = sourcecode.swift; path = MessageViewController.swift; sourceTree = "<group>"; };
		30810AB62903AE9800C4B38E /* MessageViewController.xib */ = {isa = PBXFileReference; lastKnownFileType = file.xib; path = MessageViewController.xib; sourceTree = "<group>"; };
		30810AB92903B0B900C4B38E /* UITableViewCell.swift */ = {isa = PBXFileReference; lastKnownFileType = sourcecode.swift; path = UITableViewCell.swift; sourceTree = "<group>"; };
		30810ABC2903B12D00C4B38E /* MessageTableViewCell.swift */ = {isa = PBXFileReference; lastKnownFileType = sourcecode.swift; path = MessageTableViewCell.swift; sourceTree = "<group>"; };
		30810ABD2903B12D00C4B38E /* MessageTableViewCell.xib */ = {isa = PBXFileReference; lastKnownFileType = file.xib; path = MessageTableViewCell.xib; sourceTree = "<group>"; };
		3094E73129050F8B00052FCD /* HomeViewModel.swift */ = {isa = PBXFileReference; lastKnownFileType = sourcecode.swift; path = HomeViewModel.swift; sourceTree = "<group>"; };
		3094E7342905112700052FCD /* ClassModel.swift */ = {isa = PBXFileReference; lastKnownFileType = sourcecode.swift; path = ClassModel.swift; sourceTree = "<group>"; };
		3094E73729051B0E00052FCD /* VideoViewController.swift */ = {isa = PBXFileReference; lastKnownFileType = sourcecode.swift; path = VideoViewController.swift; sourceTree = "<group>"; };
		3094E73829051B0E00052FCD /* VideoViewController.xib */ = {isa = PBXFileReference; lastKnownFileType = file.xib; path = VideoViewController.xib; sourceTree = "<group>"; };
		3094E73B29051B9F00052FCD /* VideoViewModel.swift */ = {isa = PBXFileReference; lastKnownFileType = sourcecode.swift; path = VideoViewModel.swift; sourceTree = "<group>"; };
		309D8977290494C40020AA26 /* MessageCoordinator.swift */ = {isa = PBXFileReference; lastKnownFileType = sourcecode.swift; path = MessageCoordinator.swift; sourceTree = "<group>"; };
		309D897A290499B40020AA26 /* MessageViewModel.swift */ = {isa = PBXFileReference; lastKnownFileType = sourcecode.swift; path = MessageViewModel.swift; sourceTree = "<group>"; };
		309D897D29049B750020AA26 /* ChatViewController.swift */ = {isa = PBXFileReference; lastKnownFileType = sourcecode.swift; path = ChatViewController.swift; sourceTree = "<group>"; };
		309D897E29049B750020AA26 /* ChatViewController.xib */ = {isa = PBXFileReference; lastKnownFileType = file.xib; path = ChatViewController.xib; sourceTree = "<group>"; };
		309D898129049BA00020AA26 /* ChatViewModel.swift */ = {isa = PBXFileReference; lastKnownFileType = sourcecode.swift; path = ChatViewModel.swift; sourceTree = "<group>"; };
		309D898529049CD60020AA26 /* ChatModel.swift */ = {isa = PBXFileReference; lastKnownFileType = sourcecode.swift; path = ChatModel.swift; sourceTree = "<group>"; };
		309D89872904A1C80020AA26 /* Date.swift */ = {isa = PBXFileReference; lastKnownFileType = sourcecode.swift; path = Date.swift; sourceTree = "<group>"; };
		309D898A2904B1C70020AA26 /* ChatTableViewCell.swift */ = {isa = PBXFileReference; lastKnownFileType = sourcecode.swift; path = ChatTableViewCell.swift; sourceTree = "<group>"; };
		309D898B2904B1C70020AA26 /* ChatTableViewCell.xib */ = {isa = PBXFileReference; lastKnownFileType = file.xib; path = ChatTableViewCell.xib; sourceTree = "<group>"; };
		309D898F2904C1D00020AA26 /* HomeCollectionViewCell.swift */ = {isa = PBXFileReference; lastKnownFileType = sourcecode.swift; path = HomeCollectionViewCell.swift; sourceTree = "<group>"; };
		309D89902904C1D00020AA26 /* HomeCollectionViewCell.xib */ = {isa = PBXFileReference; lastKnownFileType = file.xib; path = HomeCollectionViewCell.xib; sourceTree = "<group>"; };
		309D89932904C5120020AA26 /* UICollectionView.swift */ = {isa = PBXFileReference; lastKnownFileType = sourcecode.swift; path = UICollectionView.swift; sourceTree = "<group>"; };
		309D89962904D4F30020AA26 /* HomeCollectionView.swift */ = {isa = PBXFileReference; lastKnownFileType = sourcecode.swift; path = HomeCollectionView.swift; sourceTree = "<group>"; };
		309D89982904D5030020AA26 /* HomeCollectionView.xib */ = {isa = PBXFileReference; lastKnownFileType = file.xib; path = HomeCollectionView.xib; sourceTree = "<group>"; };
		309D899C2904D8760020AA26 /* HomeTableViewCell.swift */ = {isa = PBXFileReference; lastKnownFileType = sourcecode.swift; path = HomeTableViewCell.swift; sourceTree = "<group>"; };
		309D899D2904D8760020AA26 /* HomeTableViewCell.xib */ = {isa = PBXFileReference; lastKnownFileType = file.xib; path = HomeTableViewCell.xib; sourceTree = "<group>"; };
		309D89A02904DF8B0020AA26 /* NibOwnerLoadable.swift */ = {isa = PBXFileReference; lastKnownFileType = sourcecode.swift; path = NibOwnerLoadable.swift; sourceTree = "<group>"; };
		309D89A32904E02D0020AA26 /* UITableView.swift */ = {isa = PBXFileReference; lastKnownFileType = sourcecode.swift; path = UITableView.swift; sourceTree = "<group>"; };
		309D89A92904E3480020AA26 /* HomeCoordinator.swift */ = {isa = PBXFileReference; lastKnownFileType = sourcecode.swift; path = HomeCoordinator.swift; sourceTree = "<group>"; };
		309D89AD2904EB750020AA26 /* HomeViewController.swift */ = {isa = PBXFileReference; lastKnownFileType = sourcecode.swift; path = HomeViewController.swift; sourceTree = "<group>"; };
		309D89AE2904EB750020AA26 /* HomeViewController.xib */ = {isa = PBXFileReference; lastKnownFileType = file.xib; path = HomeViewController.xib; sourceTree = "<group>"; };
		309D89B22904EE550020AA26 /* HomeView.swift */ = {isa = PBXFileReference; lastKnownFileType = sourcecode.swift; path = HomeView.swift; sourceTree = "<group>"; };
		309D89B42904EE600020AA26 /* HomeView.xib */ = {isa = PBXFileReference; lastKnownFileType = file.xib; path = HomeView.xib; sourceTree = "<group>"; };
		30C4FDCC290233F400B9748D /* Tiburoncin 2.0.app */ = {isa = PBXFileReference; explicitFileType = wrapper.application; includeInIndex = 0; path = "Tiburoncin 2.0.app"; sourceTree = BUILT_PRODUCTS_DIR; };
		30C4FDDD290233F500B9748D /* Info.plist */ = {isa = PBXFileReference; lastKnownFileType = text.plist.xml; path = Info.plist; sourceTree = "<group>"; };
		30C4FE092902681A00B9748D /* Base */ = {isa = PBXFileReference; lastKnownFileType = file.storyboard; name = Base; path = Base.lproj/LaunchScreen.storyboard; sourceTree = "<group>"; };
		30C4FE0A2902681A00B9748D /* AppDelegate.swift */ = {isa = PBXFileReference; fileEncoding = 4; lastKnownFileType = sourcecode.swift; path = AppDelegate.swift; sourceTree = "<group>"; };
		30C4FE0B2902681A00B9748D /* SceneDelegate.swift */ = {isa = PBXFileReference; fileEncoding = 4; lastKnownFileType = sourcecode.swift; path = SceneDelegate.swift; sourceTree = "<group>"; };
		30C4FE102902682100B9748D /* Coordinator.swift */ = {isa = PBXFileReference; fileEncoding = 4; lastKnownFileType = sourcecode.swift; path = Coordinator.swift; sourceTree = "<group>"; };
		30C4FE132902682800B9748D /* ClosureTypes.swift */ = {isa = PBXFileReference; fileEncoding = 4; lastKnownFileType = sourcecode.swift; path = ClosureTypes.swift; sourceTree = "<group>"; };
		30C4FE152902682800B9748D /* UIView.swift */ = {isa = PBXFileReference; fileEncoding = 4; lastKnownFileType = sourcecode.swift; path = UIView.swift; sourceTree = "<group>"; };
		30C4FE192902683100B9748D /* Assets.xcassets */ = {isa = PBXFileReference; lastKnownFileType = folder.assetcatalog; path = Assets.xcassets; sourceTree = "<group>"; };
		30C4FE1B2902683100B9748D /* Fontspring-regular.otf */ = {isa = PBXFileReference; lastKnownFileType = file; path = "Fontspring-regular.otf"; sourceTree = "<group>"; };
		30C4FE202902683700B9748D /* AuthCoordinator.swift */ = {isa = PBXFileReference; fileEncoding = 4; lastKnownFileType = sourcecode.swift; path = AuthCoordinator.swift; sourceTree = "<group>"; };
		30C4FE222902683700B9748D /* RegisterViewController.xib */ = {isa = PBXFileReference; fileEncoding = 4; lastKnownFileType = file.xib; path = RegisterViewController.xib; sourceTree = "<group>"; };
		30C4FE232902683700B9748D /* RegisterViewController.swift */ = {isa = PBXFileReference; fileEncoding = 4; lastKnownFileType = sourcecode.swift; path = RegisterViewController.swift; sourceTree = "<group>"; };
		30C4FE242902683700B9748D /* RegisterViewModel.swift */ = {isa = PBXFileReference; fileEncoding = 4; lastKnownFileType = sourcecode.swift; path = RegisterViewModel.swift; sourceTree = "<group>"; };
		30C4FE262902683700B9748D /* AuthViewController.swift */ = {isa = PBXFileReference; fileEncoding = 4; lastKnownFileType = sourcecode.swift; path = AuthViewController.swift; sourceTree = "<group>"; };
		30C4FE272902683700B9748D /* AuthViewController.xib */ = {isa = PBXFileReference; fileEncoding = 4; lastKnownFileType = file.xib; path = AuthViewController.xib; sourceTree = "<group>"; };
		30C4FE282902683700B9748D /* AuthViewModel.swift */ = {isa = PBXFileReference; fileEncoding = 4; lastKnownFileType = sourcecode.swift; path = AuthViewModel.swift; sourceTree = "<group>"; };
		30C4FE382903871F00B9748D /* TabBarViewController.swift */ = {isa = PBXFileReference; lastKnownFileType = sourcecode.swift; path = TabBarViewController.swift; sourceTree = "<group>"; };
		30C4FE392903871F00B9748D /* TabBarViewController.xib */ = {isa = PBXFileReference; lastKnownFileType = file.xib; path = TabBarViewController.xib; sourceTree = "<group>"; };
		30C4FE3C29038D2700B9748D /* TabBarCoordinator.swift */ = {isa = PBXFileReference; lastKnownFileType = sourcecode.swift; path = TabBarCoordinator.swift; sourceTree = "<group>"; };
		30C4FE3F29038ECA00B9748D /* TabBarViewModel.swift */ = {isa = PBXFileReference; lastKnownFileType = sourcecode.swift; path = TabBarViewModel.swift; sourceTree = "<group>"; };
		30C4FE47290399B000B9748D /* ProfileViewController.swift */ = {isa = PBXFileReference; lastKnownFileType = sourcecode.swift; path = ProfileViewController.swift; sourceTree = "<group>"; };
		30C4FE48290399B000B9748D /* ProfileViewController.xib */ = {isa = PBXFileReference; lastKnownFileType = file.xib; path = ProfileViewController.xib; sourceTree = "<group>"; };
/* End PBXFileReference section */

/* Begin PBXFrameworksBuildPhase section */
		30C4FDC9290233F400B9748D /* Frameworks */ = {
			isa = PBXFrameworksBuildPhase;
			buildActionMask = 2147483647;
			files = (
			);
			runOnlyForDeploymentPostprocessing = 0;
		};
/* End PBXFrameworksBuildPhase section */

/* Begin PBXGroup section */
		30810AB42903AE7200C4B38E /* Messages */ = {
			isa = PBXGroup;
			children = (
				309D8977290494C40020AA26 /* MessageCoordinator.swift */,
				309D8979290496100020AA26 /* MessageViewController */,
				309D897C29049B490020AA26 /* ChatViewController */,
			);
			path = Messages;
			sourceTree = "<group>";
		};
		30810ABB2903B0FD00C4B38E /* MessageTableViewCell */ = {
			isa = PBXGroup;
			children = (
				30810ABC2903B12D00C4B38E /* MessageTableViewCell.swift */,
				30810ABD2903B12D00C4B38E /* MessageTableViewCell.xib */,
			);
			path = MessageTableViewCell;
			sourceTree = "<group>";
		};
		3094E7332905111500052FCD /* ClassModel */ = {
			isa = PBXGroup;
			children = (
				3094E7342905112700052FCD /* ClassModel.swift */,
			);
			path = ClassModel;
			sourceTree = "<group>";
		};
		3094E73629051AEB00052FCD /* VideoView */ = {
			isa = PBXGroup;
			children = (
				3094E73729051B0E00052FCD /* VideoViewController.swift */,
				3094E73829051B0E00052FCD /* VideoViewController.xib */,
				3094E73B29051B9F00052FCD /* VideoViewModel.swift */,
			);
			path = VideoView;
			sourceTree = "<group>";
		};
		309D8979290496100020AA26 /* MessageViewController */ = {
			isa = PBXGroup;
			children = (
				30810ABB2903B0FD00C4B38E /* MessageTableViewCell */,
				30810AB52903AE9800C4B38E /* MessageViewController.swift */,
				30810AB62903AE9800C4B38E /* MessageViewController.xib */,
				309D897A290499B40020AA26 /* MessageViewModel.swift */,
			);
			path = MessageViewController;
			sourceTree = "<group>";
		};
		309D897C29049B490020AA26 /* ChatViewController */ = {
			isa = PBXGroup;
			children = (
				309D89892904B19E0020AA26 /* ChatTableViewCell */,
				309D897D29049B750020AA26 /* ChatViewController.swift */,
				309D897E29049B750020AA26 /* ChatViewController.xib */,
				309D898129049BA00020AA26 /* ChatViewModel.swift */,
			);
			path = ChatViewController;
			sourceTree = "<group>";
		};
		309D898329049CB80020AA26 /* Models */ = {
			isa = PBXGroup;
			children = (
				3094E7332905111500052FCD /* ClassModel */,
				309D898429049CC50020AA26 /* ChatModel */,
			);
			path = Models;
			sourceTree = "<group>";
		};
		309D898429049CC50020AA26 /* ChatModel */ = {
			isa = PBXGroup;
			children = (
				309D898529049CD60020AA26 /* ChatModel.swift */,
			);
			path = ChatModel;
			sourceTree = "<group>";
		};
		309D89892904B19E0020AA26 /* ChatTableViewCell */ = {
			isa = PBXGroup;
			children = (
				309D898A2904B1C70020AA26 /* ChatTableViewCell.swift */,
				309D898B2904B1C70020AA26 /* ChatTableViewCell.xib */,
			);
			path = ChatTableViewCell;
			sourceTree = "<group>";
		};
		309D898E2904C1A20020AA26 /* HomeCollectionViewCell */ = {
			isa = PBXGroup;
			children = (
				309D898F2904C1D00020AA26 /* HomeCollectionViewCell.swift */,
				309D89902904C1D00020AA26 /* HomeCollectionViewCell.xib */,
			);
			path = HomeCollectionViewCell;
			sourceTree = "<group>";
		};
		309D89952904D4BD0020AA26 /* HomeCollectionView */ = {
			isa = PBXGroup;
			children = (
				309D898E2904C1A20020AA26 /* HomeCollectionViewCell */,
				309D89962904D4F30020AA26 /* HomeCollectionView.swift */,
				309D89982904D5030020AA26 /* HomeCollectionView.xib */,
			);
			path = HomeCollectionView;
			sourceTree = "<group>";
		};
		309D899A2904D7810020AA26 /* HomeViewController */ = {
			isa = PBXGroup;
			children = (
				309D89B12904EE420020AA26 /* HomeView */,
				309D89AD2904EB750020AA26 /* HomeViewController.swift */,
				309D89AE2904EB750020AA26 /* HomeViewController.xib */,
				3094E73129050F8B00052FCD /* HomeViewModel.swift */,
			);
			path = HomeViewController;
			sourceTree = "<group>";
		};
		309D899B2904D84A0020AA26 /* HomeTableViewCell */ = {
			isa = PBXGroup;
			children = (
				309D89952904D4BD0020AA26 /* HomeCollectionView */,
				309D899C2904D8760020AA26 /* HomeTableViewCell.swift */,
				309D899D2904D8760020AA26 /* HomeTableViewCell.xib */,
			);
			path = HomeTableViewCell;
			sourceTree = "<group>";
		};
		309D89B12904EE420020AA26 /* HomeView */ = {
			isa = PBXGroup;
			children = (
				309D899B2904D84A0020AA26 /* HomeTableViewCell */,
				309D89B22904EE550020AA26 /* HomeView.swift */,
				309D89B42904EE600020AA26 /* HomeView.xib */,
			);
			path = HomeView;
			sourceTree = "<group>";
		};
		30C4FDC3290233F400B9748D = {
			isa = PBXGroup;
			children = (
				30C4FDCE290233F400B9748D /* Tiburoncin 2.0 */,
				30C4FDCD290233F400B9748D /* Products */,
			);
			sourceTree = "<group>";
		};
		30C4FDCD290233F400B9748D /* Products */ = {
			isa = PBXGroup;
			children = (
				30C4FDCC290233F400B9748D /* Tiburoncin 2.0.app */,
			);
			name = Products;
			sourceTree = "<group>";
		};
		30C4FDCE290233F400B9748D /* Tiburoncin 2.0 */ = {
			isa = PBXGroup;
			children = (
				30C4FDDD290233F500B9748D /* Info.plist */,
				30C4FE072902681A00B9748D /* App */,
				30C4FE182902683100B9748D /* Resources */,
				309D898329049CB80020AA26 /* Models */,
				30C4FE0F2902682100B9748D /* Coordinator */,
				30C4FE122902682800B9748D /* Helpers */,
				30C4FE1E2902683700B9748D /* UI */,
			);
			path = "Tiburoncin 2.0";
			sourceTree = "<group>";
		};
		30C4FE072902681A00B9748D /* App */ = {
			isa = PBXGroup;
			children = (
				30C4FE082902681A00B9748D /* LaunchScreen.storyboard */,
				30C4FE0A2902681A00B9748D /* AppDelegate.swift */,
				30C4FE0B2902681A00B9748D /* SceneDelegate.swift */,
			);
			path = App;
			sourceTree = "<group>";
		};
		30C4FE0F2902682100B9748D /* Coordinator */ = {
			isa = PBXGroup;
			children = (
				30C4FE102902682100B9748D /* Coordinator.swift */,
			);
			path = Coordinator;
			sourceTree = "<group>";
		};
		30C4FE122902682800B9748D /* Helpers */ = {
			isa = PBXGroup;
			children = (
				309D89A02904DF8B0020AA26 /* NibOwnerLoadable.swift */,
				30C4FE132902682800B9748D /* ClosureTypes.swift */,
				30C4FE142902682800B9748D /* Extensions */,
			);
			path = Helpers;
			sourceTree = "<group>";
		};
		30C4FE142902682800B9748D /* Extensions */ = {
			isa = PBXGroup;
			children = (
				30C4FE152902682800B9748D /* UIView.swift */,
				30810AB92903B0B900C4B38E /* UITableViewCell.swift */,
				309D89932904C5120020AA26 /* UICollectionView.swift */,
				309D89872904A1C80020AA26 /* Date.swift */,
				309D89A32904E02D0020AA26 /* UITableView.swift */,
			);
			path = Extensions;
			sourceTree = "<group>";
		};
		30C4FE182902683100B9748D /* Resources */ = {
			isa = PBXGroup;
			children = (
				30C4FE192902683100B9748D /* Assets.xcassets */,
				30C4FE1A2902683100B9748D /* Fonts */,
			);
			path = Resources;
			sourceTree = "<group>";
		};
		30C4FE1A2902683100B9748D /* Fonts */ = {
			isa = PBXGroup;
			children = (
				30C4FE1B2902683100B9748D /* Fontspring-regular.otf */,
			);
			path = Fonts;
			sourceTree = "<group>";
		};
		30C4FE1E2902683700B9748D /* UI */ = {
			isa = PBXGroup;
			children = (
				30C4FE372903867C00B9748D /* TabBar */,
				30C4FE1F2902683700B9748D /* Auth */,
			);
			path = UI;
			sourceTree = "<group>";
		};
		30C4FE1F2902683700B9748D /* Auth */ = {
			isa = PBXGroup;
			children = (
				30C4FE202902683700B9748D /* AuthCoordinator.swift */,
				30C4FE212902683700B9748D /* Register */,
				30C4FE252902683700B9748D /* AuthViewController */,
			);
			path = Auth;
			sourceTree = "<group>";
		};
		30C4FE212902683700B9748D /* Register */ = {
			isa = PBXGroup;
			children = (
				30C4FE232902683700B9748D /* RegisterViewController.swift */,
				30C4FE222902683700B9748D /* RegisterViewController.xib */,
				30C4FE242902683700B9748D /* RegisterViewModel.swift */,
			);
			path = Register;
			sourceTree = "<group>";
		};
		30C4FE252902683700B9748D /* AuthViewController */ = {
			isa = PBXGroup;
			children = (
				30C4FE262902683700B9748D /* AuthViewController.swift */,
				30C4FE272902683700B9748D /* AuthViewController.xib */,
				30C4FE282902683700B9748D /* AuthViewModel.swift */,
			);
			path = AuthViewController;
			sourceTree = "<group>";
		};
		30C4FE372903867C00B9748D /* TabBar */ = {
			isa = PBXGroup;
			children = (
				30C4FE3C29038D2700B9748D /* TabBarCoordinator.swift */,
				30C4FE3E29038D2F00B9748D /* TabBarViewController */,
				30C4FE412903952C00B9748D /* Home */,
				30C4FE462903999100B9748D /* Profile */,
				30810AB42903AE7200C4B38E /* Messages */,
				3094E73629051AEB00052FCD /* VideoView */,
			);
			path = TabBar;
			sourceTree = "<group>";
		};
		30C4FE3E29038D2F00B9748D /* TabBarViewController */ = {
			isa = PBXGroup;
			children = (
				30C4FE382903871F00B9748D /* TabBarViewController.swift */,
				30C4FE392903871F00B9748D /* TabBarViewController.xib */,
				30C4FE3F29038ECA00B9748D /* TabBarViewModel.swift */,
			);
			path = TabBarViewController;
			sourceTree = "<group>";
		};
		30C4FE412903952C00B9748D /* Home */ = {
			isa = PBXGroup;
			children = (
				309D89A92904E3480020AA26 /* HomeCoordinator.swift */,
				309D899A2904D7810020AA26 /* HomeViewController */,
			);
			path = Home;
			sourceTree = "<group>";
		};
		30C4FE462903999100B9748D /* Profile */ = {
			isa = PBXGroup;
			children = (
				30C4FE47290399B000B9748D /* ProfileViewController.swift */,
				30C4FE48290399B000B9748D /* ProfileViewController.xib */,
			);
			path = Profile;
			sourceTree = "<group>";
		};
/* End PBXGroup section */

/* Begin PBXNativeTarget section */
		30C4FDCB290233F400B9748D /* Tiburoncin 2.0 */ = {
			isa = PBXNativeTarget;
			buildConfigurationList = 30C4FDE0290233F500B9748D /* Build configuration list for PBXNativeTarget "Tiburoncin 2.0" */;
			buildPhases = (
				30C4FDC8290233F400B9748D /* Sources */,
				30C4FDC9290233F400B9748D /* Frameworks */,
				30C4FDCA290233F400B9748D /* Resources */,
			);
			buildRules = (
			);
			dependencies = (
			);
			name = "Tiburoncin 2.0";
			productName = "Tiburoncin 2.0 Prototipo";
			productReference = 30C4FDCC290233F400B9748D /* Tiburoncin 2.0.app */;
			productType = "com.apple.product-type.application";
		};
/* End PBXNativeTarget section */

/* Begin PBXProject section */
		30C4FDC4290233F400B9748D /* Project object */ = {
			isa = PBXProject;
			attributes = {
				BuildIndependentTargetsInParallel = 1;
				LastSwiftUpdateCheck = 1320;
				LastUpgradeCheck = 1320;
				TargetAttributes = {
					30C4FDCB290233F400B9748D = {
						CreatedOnToolsVersion = 13.2.1;
					};
				};
			};
			buildConfigurationList = 30C4FDC7290233F400B9748D /* Build configuration list for PBXProject "Tiburoncin 2.0" */;
			compatibilityVersion = "Xcode 13.0";
			developmentRegion = en;
			hasScannedForEncodings = 0;
			knownRegions = (
				en,
				Base,
			);
			mainGroup = 30C4FDC3290233F400B9748D;
			productRefGroup = 30C4FDCD290233F400B9748D /* Products */;
			projectDirPath = "";
			projectRoot = "";
			targets = (
				30C4FDCB290233F400B9748D /* Tiburoncin 2.0 */,
			);
		};
/* End PBXProject section */

/* Begin PBXResourcesBuildPhase section */
		30C4FDCA290233F400B9748D /* Resources */ = {
			isa = PBXResourcesBuildPhase;
			buildActionMask = 2147483647;
			files = (
				30C4FE2A2902683700B9748D /* RegisterViewController.xib in Resources */,
				309D89B52904EE600020AA26 /* HomeView.xib in Resources */,
				309D898D2904B1C70020AA26 /* ChatTableViewCell.xib in Resources */,
				309D89B02904EB750020AA26 /* HomeViewController.xib in Resources */,
				30C4FE1C2902683100B9748D /* Assets.xcassets in Resources */,
				30C4FE4A290399B000B9748D /* ProfileViewController.xib in Resources */,
				30C4FE1D2902683100B9748D /* Fontspring-regular.otf in Resources */,
				30C4FE2E2902683700B9748D /* AuthViewController.xib in Resources */,
				309D898029049B750020AA26 /* ChatViewController.xib in Resources */,
				3094E73A29051B0E00052FCD /* VideoViewController.xib in Resources */,
				30C4FE3B2903871F00B9748D /* TabBarViewController.xib in Resources */,
				30810ABF2903B12D00C4B38E /* MessageTableViewCell.xib in Resources */,
				30C4FE0C2902681A00B9748D /* LaunchScreen.storyboard in Resources */,
				309D89992904D5030020AA26 /* HomeCollectionView.xib in Resources */,
				309D89922904C1D00020AA26 /* HomeCollectionViewCell.xib in Resources */,
				309D899F2904D8760020AA26 /* HomeTableViewCell.xib in Resources */,
				30810AB82903AE9800C4B38E /* MessageViewController.xib in Resources */,
			);
			runOnlyForDeploymentPostprocessing = 0;
		};
/* End PBXResourcesBuildPhase section */

/* Begin PBXSourcesBuildPhase section */
		30C4FDC8290233F400B9748D /* Sources */ = {
			isa = PBXSourcesBuildPhase;
			buildActionMask = 2147483647;
			files = (
				30C4FE4029038ECA00B9748D /* TabBarViewModel.swift in Sources */,
				30C4FE2F2902683700B9748D /* AuthViewModel.swift in Sources */,
				3094E73929051B0E00052FCD /* VideoViewController.swift in Sources */,
				309D897B290499B40020AA26 /* MessageViewModel.swift in Sources */,
				30C4FE172902682800B9748D /* UIView.swift in Sources */,
				30C4FE3D29038D2700B9748D /* TabBarCoordinator.swift in Sources */,
				309D89912904C1D00020AA26 /* HomeCollectionViewCell.swift in Sources */,
				30C4FE3A2903871F00B9748D /* TabBarViewController.swift in Sources */,
				309D89A42904E02D0020AA26 /* UITableView.swift in Sources */,
				309D89972904D4F30020AA26 /* HomeCollectionView.swift in Sources */,
				309D898C2904B1C70020AA26 /* ChatTableViewCell.swift in Sources */,
				30C4FE0D2902681A00B9748D /* AppDelegate.swift in Sources */,
				3094E7352905112700052FCD /* ClassModel.swift in Sources */,
				30C4FE2B2902683700B9748D /* RegisterViewController.swift in Sources */,
				30C4FE2C2902683700B9748D /* RegisterViewModel.swift in Sources */,
				309D89942904C5120020AA26 /* UICollectionView.swift in Sources */,
				309D897F29049B750020AA26 /* ChatViewController.swift in Sources */,
				309D898629049CD60020AA26 /* ChatModel.swift in Sources */,
				30C4FE0E2902681A00B9748D /* SceneDelegate.swift in Sources */,
				3094E73229050F8B00052FCD /* HomeViewModel.swift in Sources */,
				30810AB72903AE9800C4B38E /* MessageViewController.swift in Sources */,
				30810ABE2903B12D00C4B38E /* MessageTableViewCell.swift in Sources */,
				309D89A12904DF8B0020AA26 /* NibOwnerLoadable.swift in Sources */,
				30810ABA2903B0B900C4B38E /* UITableViewCell.swift in Sources */,
				309D8978290494C40020AA26 /* MessageCoordinator.swift in Sources */,
				30C4FE112902682100B9748D /* Coordinator.swift in Sources */,
				30C4FE292902683700B9748D /* AuthCoordinator.swift in Sources */,
				309D89882904A1C80020AA26 /* Date.swift in Sources */,
				30C4FE49290399B000B9748D /* ProfileViewController.swift in Sources */,
				30C4FE2D2902683700B9748D /* AuthViewController.swift in Sources */,
				3094E73C29051B9F00052FCD /* VideoViewModel.swift in Sources */,
				309D89B32904EE550020AA26 /* HomeView.swift in Sources */,
				309D89AF2904EB750020AA26 /* HomeViewController.swift in Sources */,
				309D899E2904D8760020AA26 /* HomeTableViewCell.swift in Sources */,
				309D89AA2904E3480020AA26 /* HomeCoordinator.swift in Sources */,
				309D898229049BA00020AA26 /* ChatViewModel.swift in Sources */,
				30C4FE162902682800B9748D /* ClosureTypes.swift in Sources */,
			);
			runOnlyForDeploymentPostprocessing = 0;
		};
/* End PBXSourcesBuildPhase section */

/* Begin PBXVariantGroup section */
		30C4FE082902681A00B9748D /* LaunchScreen.storyboard */ = {
			isa = PBXVariantGroup;
			children = (
				30C4FE092902681A00B9748D /* Base */,
			);
			name = LaunchScreen.storyboard;
			sourceTree = "<group>";
		};
/* End PBXVariantGroup section */

/* Begin XCBuildConfiguration section */
		30C4FDDE290233F500B9748D /* Debug */ = {
			isa = XCBuildConfiguration;
			buildSettings = {
				ALWAYS_SEARCH_USER_PATHS = NO;
				CLANG_ANALYZER_NONNULL = YES;
				CLANG_ANALYZER_NUMBER_OBJECT_CONVERSION = YES_AGGRESSIVE;
				CLANG_CXX_LANGUAGE_STANDARD = "gnu++17";
				CLANG_CXX_LIBRARY = "libc++";
				CLANG_ENABLE_MODULES = YES;
				CLANG_ENABLE_OBJC_ARC = YES;
				CLANG_ENABLE_OBJC_WEAK = YES;
				CLANG_WARN_BLOCK_CAPTURE_AUTORELEASING = YES;
				CLANG_WARN_BOOL_CONVERSION = YES;
				CLANG_WARN_COMMA = YES;
				CLANG_WARN_CONSTANT_CONVERSION = YES;
				CLANG_WARN_DEPRECATED_OBJC_IMPLEMENTATIONS = YES;
				CLANG_WARN_DIRECT_OBJC_ISA_USAGE = YES_ERROR;
				CLANG_WARN_DOCUMENTATION_COMMENTS = YES;
				CLANG_WARN_EMPTY_BODY = YES;
				CLANG_WARN_ENUM_CONVERSION = YES;
				CLANG_WARN_INFINITE_RECURSION = YES;
				CLANG_WARN_INT_CONVERSION = YES;
				CLANG_WARN_NON_LITERAL_NULL_CONVERSION = YES;
				CLANG_WARN_OBJC_IMPLICIT_RETAIN_SELF = YES;
				CLANG_WARN_OBJC_LITERAL_CONVERSION = YES;
				CLANG_WARN_OBJC_ROOT_CLASS = YES_ERROR;
				CLANG_WARN_QUOTED_INCLUDE_IN_FRAMEWORK_HEADER = YES;
				CLANG_WARN_RANGE_LOOP_ANALYSIS = YES;
				CLANG_WARN_STRICT_PROTOTYPES = YES;
				CLANG_WARN_SUSPICIOUS_MOVE = YES;
				CLANG_WARN_UNGUARDED_AVAILABILITY = YES_AGGRESSIVE;
				CLANG_WARN_UNREACHABLE_CODE = YES;
				CLANG_WARN__DUPLICATE_METHOD_MATCH = YES;
				COPY_PHASE_STRIP = NO;
				DEBUG_INFORMATION_FORMAT = dwarf;
				ENABLE_STRICT_OBJC_MSGSEND = YES;
				ENABLE_TESTABILITY = YES;
				GCC_C_LANGUAGE_STANDARD = gnu11;
				GCC_DYNAMIC_NO_PIC = NO;
				GCC_NO_COMMON_BLOCKS = YES;
				GCC_OPTIMIZATION_LEVEL = 0;
				GCC_PREPROCESSOR_DEFINITIONS = (
					"DEBUG=1",
					"$(inherited)",
				);
				GCC_WARN_64_TO_32_BIT_CONVERSION = YES;
				GCC_WARN_ABOUT_RETURN_TYPE = YES_ERROR;
				GCC_WARN_UNDECLARED_SELECTOR = YES;
				GCC_WARN_UNINITIALIZED_AUTOS = YES_AGGRESSIVE;
				GCC_WARN_UNUSED_FUNCTION = YES;
				GCC_WARN_UNUSED_VARIABLE = YES;
				IPHONEOS_DEPLOYMENT_TARGET = 15.2;
				MTL_ENABLE_DEBUG_INFO = INCLUDE_SOURCE;
				MTL_FAST_MATH = YES;
				ONLY_ACTIVE_ARCH = YES;
				SDKROOT = iphoneos;
				SWIFT_ACTIVE_COMPILATION_CONDITIONS = DEBUG;
				SWIFT_OPTIMIZATION_LEVEL = "-Onone";
			};
			name = Debug;
		};
		30C4FDDF290233F500B9748D /* Release */ = {
			isa = XCBuildConfiguration;
			buildSettings = {
				ALWAYS_SEARCH_USER_PATHS = NO;
				CLANG_ANALYZER_NONNULL = YES;
				CLANG_ANALYZER_NUMBER_OBJECT_CONVERSION = YES_AGGRESSIVE;
				CLANG_CXX_LANGUAGE_STANDARD = "gnu++17";
				CLANG_CXX_LIBRARY = "libc++";
				CLANG_ENABLE_MODULES = YES;
				CLANG_ENABLE_OBJC_ARC = YES;
				CLANG_ENABLE_OBJC_WEAK = YES;
				CLANG_WARN_BLOCK_CAPTURE_AUTORELEASING = YES;
				CLANG_WARN_BOOL_CONVERSION = YES;
				CLANG_WARN_COMMA = YES;
				CLANG_WARN_CONSTANT_CONVERSION = YES;
				CLANG_WARN_DEPRECATED_OBJC_IMPLEMENTATIONS = YES;
				CLANG_WARN_DIRECT_OBJC_ISA_USAGE = YES_ERROR;
				CLANG_WARN_DOCUMENTATION_COMMENTS = YES;
				CLANG_WARN_EMPTY_BODY = YES;
				CLANG_WARN_ENUM_CONVERSION = YES;
				CLANG_WARN_INFINITE_RECURSION = YES;
				CLANG_WARN_INT_CONVERSION = YES;
				CLANG_WARN_NON_LITERAL_NULL_CONVERSION = YES;
				CLANG_WARN_OBJC_IMPLICIT_RETAIN_SELF = YES;
				CLANG_WARN_OBJC_LITERAL_CONVERSION = YES;
				CLANG_WARN_OBJC_ROOT_CLASS = YES_ERROR;
				CLANG_WARN_QUOTED_INCLUDE_IN_FRAMEWORK_HEADER = YES;
				CLANG_WARN_RANGE_LOOP_ANALYSIS = YES;
				CLANG_WARN_STRICT_PROTOTYPES = YES;
				CLANG_WARN_SUSPICIOUS_MOVE = YES;
				CLANG_WARN_UNGUARDED_AVAILABILITY = YES_AGGRESSIVE;
				CLANG_WARN_UNREACHABLE_CODE = YES;
				CLANG_WARN__DUPLICATE_METHOD_MATCH = YES;
				COPY_PHASE_STRIP = NO;
				DEBUG_INFORMATION_FORMAT = "dwarf-with-dsym";
				ENABLE_NS_ASSERTIONS = NO;
				ENABLE_STRICT_OBJC_MSGSEND = YES;
				GCC_C_LANGUAGE_STANDARD = gnu11;
				GCC_NO_COMMON_BLOCKS = YES;
				GCC_WARN_64_TO_32_BIT_CONVERSION = YES;
				GCC_WARN_ABOUT_RETURN_TYPE = YES_ERROR;
				GCC_WARN_UNDECLARED_SELECTOR = YES;
				GCC_WARN_UNINITIALIZED_AUTOS = YES_AGGRESSIVE;
				GCC_WARN_UNUSED_FUNCTION = YES;
				GCC_WARN_UNUSED_VARIABLE = YES;
				IPHONEOS_DEPLOYMENT_TARGET = 15.2;
				MTL_ENABLE_DEBUG_INFO = NO;
				MTL_FAST_MATH = YES;
				SDKROOT = iphoneos;
				SWIFT_COMPILATION_MODE = wholemodule;
				SWIFT_OPTIMIZATION_LEVEL = "-O";
				VALIDATE_PRODUCT = YES;
			};
			name = Release;
		};
		30C4FDE1290233F500B9748D /* Debug */ = {
			isa = XCBuildConfiguration;
			buildSettings = {
				ASSETCATALOG_COMPILER_APPICON_NAME = AppIcon;
				ASSETCATALOG_COMPILER_GLOBAL_ACCENT_COLOR_NAME = AccentColor;
				CODE_SIGN_STYLE = Manual;
				CURRENT_PROJECT_VERSION = 1;
				DEVELOPMENT_TEAM = "";
				GENERATE_INFOPLIST_FILE = YES;
				INFOPLIST_FILE = "Tiburoncin 2.0/Info.plist";
				INFOPLIST_KEY_UIApplicationSupportsIndirectInputEvents = YES;
				INFOPLIST_KEY_UILaunchStoryboardName = LaunchScreen;
				INFOPLIST_KEY_UIMainStoryboardFile = "";
				INFOPLIST_KEY_UISupportedInterfaceOrientations_iPad = "UIInterfaceOrientationPortrait UIInterfaceOrientationPortraitUpsideDown UIInterfaceOrientationLandscapeLeft UIInterfaceOrientationLandscapeRight";
				INFOPLIST_KEY_UISupportedInterfaceOrientations_iPhone = "UIInterfaceOrientationPortrait UIInterfaceOrientationLandscapeLeft UIInterfaceOrientationLandscapeRight";
				LD_RUNPATH_SEARCH_PATHS = (
					"$(inherited)",
					"@executable_path/Frameworks",
				);
				MARKETING_VERSION = 1.0;
				PRODUCT_BUNDLE_IDENTIFIER = "vladimir.Tiburoncin-2-0-Prototipo";
				PRODUCT_NAME = "$(TARGET_NAME)";
				PROVISIONING_PROFILE_SPECIFIER = "";
				SWIFT_EMIT_LOC_STRINGS = YES;
				SWIFT_VERSION = 5.0;
				TARGETED_DEVICE_FAMILY = "1,2";
			};
			name = Debug;
		};
		30C4FDE2290233F500B9748D /* Release */ = {
			isa = XCBuildConfiguration;
			buildSettings = {
				ASSETCATALOG_COMPILER_APPICON_NAME = AppIcon;
				ASSETCATALOG_COMPILER_GLOBAL_ACCENT_COLOR_NAME = AccentColor;
				CODE_SIGN_STYLE = Manual;
				CURRENT_PROJECT_VERSION = 1;
				DEVELOPMENT_TEAM = "";
				GENERATE_INFOPLIST_FILE = YES;
				INFOPLIST_FILE = "Tiburoncin 2.0/Info.plist";
				INFOPLIST_KEY_UIApplicationSupportsIndirectInputEvents = YES;
				INFOPLIST_KEY_UILaunchStoryboardName = LaunchScreen;
				INFOPLIST_KEY_UIMainStoryboardFile = "";
				INFOPLIST_KEY_UISupportedInterfaceOrientations_iPad = "UIInterfaceOrientationPortrait UIInterfaceOrientationPortraitUpsideDown UIInterfaceOrientationLandscapeLeft UIInterfaceOrientationLandscapeRight";
				INFOPLIST_KEY_UISupportedInterfaceOrientations_iPhone = "UIInterfaceOrientationPortrait UIInterfaceOrientationLandscapeLeft UIInterfaceOrientationLandscapeRight";
				LD_RUNPATH_SEARCH_PATHS = (
					"$(inherited)",
					"@executable_path/Frameworks",
				);
				MARKETING_VERSION = 1.0;
				PRODUCT_BUNDLE_IDENTIFIER = "vladimir.Tiburoncin-2-0-Prototipo";
				PRODUCT_NAME = "$(TARGET_NAME)";
				PROVISIONING_PROFILE_SPECIFIER = "";
				SWIFT_EMIT_LOC_STRINGS = YES;
				SWIFT_VERSION = 5.0;
				TARGETED_DEVICE_FAMILY = "1,2";
			};
			name = Release;
		};
/* End XCBuildConfiguration section */

/* Begin XCConfigurationList section */
		30C4FDC7290233F400B9748D /* Build configuration list for PBXProject "Tiburoncin 2.0" */ = {
			isa = XCConfigurationList;
			buildConfigurations = (
				30C4FDDE290233F500B9748D /* Debug */,
				30C4FDDF290233F500B9748D /* Release */,
			);
			defaultConfigurationIsVisible = 0;
			defaultConfigurationName = Release;
		};
		30C4FDE0290233F500B9748D /* Build configuration list for PBXNativeTarget "Tiburoncin 2.0" */ = {
			isa = XCConfigurationList;
			buildConfigurations = (
				30C4FDE1290233F500B9748D /* Debug */,
				30C4FDE2290233F500B9748D /* Release */,
			);
			defaultConfigurationIsVisible = 0;
			defaultConfigurationName = Release;
		};
/* End XCConfigurationList section */
	};
	rootObject = 30C4FDC4290233F400B9748D /* Project object */;
}
